<?xml version="1.0" encoding="utf-8"?>
<Project ToolsVersion="4.0" xmlns="http://schemas.microsoft.com/developer/msbuild/2003">
  <ItemGroup>
    <Filter Include="Source Files">
      <UniqueIdentifier>{4FC737F1-C7A5-4376-A066-2A32D752A2FF}</UniqueIdentifier>
      <Extensions>cpp;c;cc;cxx;c++;cppm;ixx;def;odl;idl;hpj;bat;asm;asmx</Extensions>
    </Filter>
    <Filter Include="Header Files">
      <UniqueIdentifier>{93995380-89BD-4b04-88EB-625FBE52EBFB}</UniqueIdentifier>
      <Extensions>h;hh;hpp;hxx;h++;hm;inl;inc;ipp;xsd</Extensions>
    </Filter>
    <Filter Include="Resource Files">
      <UniqueIdentifier>{67DA6AB6-F800-4c08-8B7A-83BB121AAD01}</UniqueIdentifier>
      <Extensions>rc;ico;cur;bmp;dlg;rc2;rct;bin;rgs;gif;jpg;jpeg;jpe;resx;tiff;tif;png;wav;mfcribbon-ms</Extensions>
    </Filter>
    <Filter Include="Header Files\Graphics">
      <UniqueIdentifier>{0367894a-9973-4a03-b494-19391c633988}</UniqueIdentifier>
    </Filter>
    <Filter Include="Source Files\Graphics">
      <UniqueIdentifier>{c4f951e2-27d8-4cb4-a549-adc14c0fbe36}</UniqueIdentifier>
    </Filter>
    <Filter Include="Header Files\Engine">
      <UniqueIdentifier>{0ca3997b-ba95-45b1-9164-1f8c03ec1c0c}</UniqueIdentifier>
    </Filter>
    <Filter Include="Source Files\Engine">
      <UniqueIdentifier>{d7e79221-152e-4df5-b1f7-87795db1f1b0}</UniqueIdentifier>
    </Filter>
    <Filter Include="Header Files\MathLibrary">
      <UniqueIdentifier>{e1b0299e-6222-45f7-ba17-e914fb282089}</UniqueIdentifier>
    </Filter>
    <Filter Include="Source Files\MathLibrary">
      <UniqueIdentifier>{36441a83-dc4a-438e-ada7-d8bc4522389b}</UniqueIdentifier>
    </Filter>
    <Filter Include="Header Files\GameplayFoundation">
      <UniqueIdentifier>{46c110bc-cd6b-41ee-a378-ed900b3769b1}</UniqueIdentifier>
    </Filter>
    <Filter Include="Source Files\GameplayFoundation">
      <UniqueIdentifier>{baba95a0-1540-4428-a31e-54f1f39710e3}</UniqueIdentifier>
    </Filter>
    <Filter Include="Source Files\GameDemo">
      <UniqueIdentifier>{4465c950-db6a-4e4d-9a58-4d0be7a1bd63}</UniqueIdentifier>
    </Filter>
  </ItemGroup>
  <ItemGroup>
    <ClCompile Include="graphics.cpp">
      <Filter>Source Files\Graphics</Filter>
    </ClCompile>
    <ClCompile Include="engine.cpp">
      <Filter>Source Files\Engine</Filter>
    </ClCompile>
    <ClCompile Include="vector3.cpp">
      <Filter>Source Files\MathLibrary</Filter>
    </ClCompile>
    <ClCompile Include="gameObject.cpp">
      <Filter>Source Files\GameplayFoundation</Filter>
    </ClCompile>
    <ClCompile Include="main.cpp">
      <Filter>Source Files\GameDemo</Filter>
    </ClCompile>
  </ItemGroup>
  <ItemGroup>
    <ClInclude Include="graphics.h">
      <Filter>Header Files\Graphics</Filter>
    </ClInclude>
    <ClInclude Include="engine.h">
      <Filter>Header Files\Engine</Filter>
    </ClInclude>
    <ClInclude Include="vector3.h">
      <Filter>Header Files\MathLibrary</Filter>
    </ClInclude>
    <ClInclude Include="gameObject.h">
      <Filter>Header Files\GameplayFoundation</Filter>
    </ClInclude>
  </ItemGroup>
</Project>